
Microsoft Visual Studio Solution File, Format Version 12.00
# Visual Studio Version 17
VisualStudioVersion = 17.4.33103.184
MinimumVisualStudioVersion = 10.0.40219.1
Project("{FAE04EC0-301F-11D3-BF4B-00C04F79EFBC}") = "ExercicioDictionary", "ExercicioDictionary.csproj", "{846D5A9E-510A-4B0F-90DE-40BCA71ACE45}"
EndProject
Global
	GlobalSection(SolutionConfigurationPlatforms) = preSolution
		Debug|Any CPU = Debug|Any CPU
		Release|Any CPU = Release|Any CPU
	EndGlobalSection
	GlobalSection(ProjectConfigurationPlatforms) = postSolution
		{846D5A9E-510A-4B0F-90DE-40BCA71ACE45}.Debug|Any CPU.ActiveCfg = Debug|Any CPU
		{846D5A9E-510A-4B0F-90DE-40BCA71ACE45}.Debug|Any CPU.Build.0 = Debug|Any CPU
		{846D5A9E-510A-4B0F-90DE-40BCA71ACE45}.Release|Any CPU.ActiveCfg = Release|Any CPU
		{846D5A9E-510A-4B0F-90DE-40BCA71ACE45}.Release|Any CPU.Build.0 = Release|Any CPU
	EndGlobalSection
	GlobalSection(SolutionProperties) = preSolution
		HideSolutionNode = FALSE
	EndGlobalSection
	GlobalSection(ExtensibilityGlobals) = postSolution
		SolutionGuid = {D157C0F0-0AA9-4753-A57D-97EB689B0950}
	EndGlobalSection
EndGlobal
