
Microsoft Visual Studio Solution File, Format Version 12.00
# Visual Studio Version 17
VisualStudioVersion = 17.2.32616.157
MinimumVisualStudioVersion = 10.0.40219.1
Project("{FAE04EC0-301F-11D3-BF4B-00C04F79EFBC}") = "Polimorfismo1", "Polimorfismo1.csproj", "{228554DD-F326-4415-8805-3D85D4BEEE5A}"
EndProject
Global
	GlobalSection(SolutionConfigurationPlatforms) = preSolution
		Debug|Any CPU = Debug|Any CPU
		Release|Any CPU = Release|Any CPU
	EndGlobalSection
	GlobalSection(ProjectConfigurationPlatforms) = postSolution
		{228554DD-F326-4415-8805-3D85D4BEEE5A}.Debug|Any CPU.ActiveCfg = Debug|Any CPU
		{228554DD-F326-4415-8805-3D85D4BEEE5A}.Debug|Any CPU.Build.0 = Debug|Any CPU
		{228554DD-F326-4415-8805-3D85D4BEEE5A}.Release|Any CPU.ActiveCfg = Release|Any CPU
		{228554DD-F326-4415-8805-3D85D4BEEE5A}.Release|Any CPU.Build.0 = Release|Any CPU
	EndGlobalSection
	GlobalSection(SolutionProperties) = preSolution
		HideSolutionNode = FALSE
	EndGlobalSection
	GlobalSection(ExtensibilityGlobals) = postSolution
		SolutionGuid = {3D27EA89-990D-4723-B1D1-42AAFBC277E5}
	EndGlobalSection
EndGlobal
